
Microsoft Visual Studio Solution File, Format Version 12.00
# Visual Studio Version 16
VisualStudioVersion = 16.0.30907.101
MinimumVisualStudioVersion = 10.0.40219.1
Project("{9A19103F-16F7-4668-BE54-9A1E7A4F7556}") = "MachineLearningProjekt", "MachineLearningProjekt\MachineLearningProjekt.csproj", "{AC63C0F6-C520-4A34-B331-A182487BE917}"
EndProject
Project("{9A19103F-16F7-4668-BE54-9A1E7A4F7556}") = "MachineLearningProjektML.Model", "MachineLearningProjektML.Model\MachineLearningProjektML.Model.csproj", "{B1D0D243-7544-4A2A-8DC3-3324EC345CB3}"
EndProject
Project("{9A19103F-16F7-4668-BE54-9A1E7A4F7556}") = "MachineLearningProjektML.ConsoleApp", "MachineLearningProjektML.ConsoleApp\MachineLearningProjektML.ConsoleApp.csproj", "{CCCE074D-A0D8-4209-B4FC-68087683061F}"
EndProject
Global
	GlobalSection(SolutionConfigurationPlatforms) = preSolution
		Debug|Any CPU = Debug|Any CPU
		Release|Any CPU = Release|Any CPU
	EndGlobalSection
	GlobalSection(ProjectConfigurationPlatforms) = postSolution
		{AC63C0F6-C520-4A34-B331-A182487BE917}.Debug|Any CPU.ActiveCfg = Debug|Any CPU
		{AC63C0F6-C520-4A34-B331-A182487BE917}.Debug|Any CPU.Build.0 = Debug|Any CPU
		{AC63C0F6-C520-4A34-B331-A182487BE917}.Release|Any CPU.ActiveCfg = Release|Any CPU
		{AC63C0F6-C520-4A34-B331-A182487BE917}.Release|Any CPU.Build.0 = Release|Any CPU
		{B1D0D243-7544-4A2A-8DC3-3324EC345CB3}.Debug|Any CPU.ActiveCfg = Debug|Any CPU
		{B1D0D243-7544-4A2A-8DC3-3324EC345CB3}.Debug|Any CPU.Build.0 = Debug|Any CPU
		{B1D0D243-7544-4A2A-8DC3-3324EC345CB3}.Release|Any CPU.ActiveCfg = Release|Any CPU
		{B1D0D243-7544-4A2A-8DC3-3324EC345CB3}.Release|Any CPU.Build.0 = Release|Any CPU
		{CCCE074D-A0D8-4209-B4FC-68087683061F}.Debug|Any CPU.ActiveCfg = Debug|Any CPU
		{CCCE074D-A0D8-4209-B4FC-68087683061F}.Debug|Any CPU.Build.0 = Debug|Any CPU
		{CCCE074D-A0D8-4209-B4FC-68087683061F}.Release|Any CPU.ActiveCfg = Release|Any CPU
		{CCCE074D-A0D8-4209-B4FC-68087683061F}.Release|Any CPU.Build.0 = Release|Any CPU
	EndGlobalSection
	GlobalSection(SolutionProperties) = preSolution
		HideSolutionNode = FALSE
	EndGlobalSection
	GlobalSection(ExtensibilityGlobals) = postSolution
		SolutionGuid = {1C76D952-4ECA-4343-BFA0-F8205FA7C8FB}
	EndGlobalSection
EndGlobal
